
Microsoft Visual Studio Solution File, Format Version 12.00
Project("{FAE04EC0-301F-11D3-BF4B-00C04F79EFBC}") = "FitFalTracker.Api", "FitFalTracker.Api\FitFalTracker.Api.csproj", "{FF96D572-6893-4521-B4B5-5B26413C4C9C}"
EndProject
Project("{2150E333-8FDC-42A3-9474-1A3956D46DE8}") = "Core", "Core", "{94B750AA-C25D-4741-BEC5-07056B36B5D5}"
EndProject
Project("{2150E333-8FDC-42A3-9474-1A3956D46DE8}") = "Presentation", "Presentation", "{97CAF51B-6D5D-4C0F-8DE2-A29086712771}"
EndProject
Project("{2150E333-8FDC-42A3-9474-1A3956D46DE8}") = "Infrastructure", "Infrastructure", "{B3E818A2-7BFE-49EB-8730-8E2E8B6FA68B}"
EndProject
Project("{FAE04EC0-301F-11D3-BF4B-00C04F79EFBC}") = "FitFalTracker.Application", "FitFalTracker.Application\FitFalTracker.Application.csproj", "{30D18514-8960-4302-BED3-4E88E54D0426}"
EndProject
Project("{FAE04EC0-301F-11D3-BF4B-00C04F79EFBC}") = "FitFalTracker.Common", "FitFalTracker.Common\FitFalTracker.Common.csproj", "{4A27D4BF-324B-461E-BA95-89264CA1F8EB}"
EndProject
Project("{FAE04EC0-301F-11D3-BF4B-00C04F79EFBC}") = "FitFalTracker.Domain", "FitFalTracker.Domain\FitFalTracker.Domain.csproj", "{8E28E710-0F1C-4189-8644-72839C111013}"
EndProject
Project("{FAE04EC0-301F-11D3-BF4B-00C04F79EFBC}") = "FitFalTracker.Infrestructure", "FitFalTracker.Infrestructure\FitFalTracker.Infrestructure.csproj", "{E70F2E08-FE2E-4EC1-940D-B5CE22995F4A}"
EndProject
Project("{FAE04EC0-301F-11D3-BF4B-00C04F79EFBC}") = "FitFalTracker.Persistance", "FitFalTracker.Persistance\FitFalTracker.Persistance.csproj", "{950CC33C-881F-4090-BE90-81007F309E4B}"
EndProject
Global
	GlobalSection(SolutionConfigurationPlatforms) = preSolution
		Debug|Any CPU = Debug|Any CPU
		Release|Any CPU = Release|Any CPU
	EndGlobalSection
	GlobalSection(ProjectConfigurationPlatforms) = postSolution
		{FF96D572-6893-4521-B4B5-5B26413C4C9C}.Debug|Any CPU.ActiveCfg = Debug|Any CPU
		{FF96D572-6893-4521-B4B5-5B26413C4C9C}.Debug|Any CPU.Build.0 = Debug|Any CPU
		{FF96D572-6893-4521-B4B5-5B26413C4C9C}.Release|Any CPU.ActiveCfg = Release|Any CPU
		{FF96D572-6893-4521-B4B5-5B26413C4C9C}.Release|Any CPU.Build.0 = Release|Any CPU
		{30D18514-8960-4302-BED3-4E88E54D0426}.Debug|Any CPU.ActiveCfg = Debug|Any CPU
		{30D18514-8960-4302-BED3-4E88E54D0426}.Debug|Any CPU.Build.0 = Debug|Any CPU
		{30D18514-8960-4302-BED3-4E88E54D0426}.Release|Any CPU.ActiveCfg = Release|Any CPU
		{30D18514-8960-4302-BED3-4E88E54D0426}.Release|Any CPU.Build.0 = Release|Any CPU
		{4A27D4BF-324B-461E-BA95-89264CA1F8EB}.Debug|Any CPU.ActiveCfg = Debug|Any CPU
		{4A27D4BF-324B-461E-BA95-89264CA1F8EB}.Debug|Any CPU.Build.0 = Debug|Any CPU
		{4A27D4BF-324B-461E-BA95-89264CA1F8EB}.Release|Any CPU.ActiveCfg = Release|Any CPU
		{4A27D4BF-324B-461E-BA95-89264CA1F8EB}.Release|Any CPU.Build.0 = Release|Any CPU
		{8E28E710-0F1C-4189-8644-72839C111013}.Debug|Any CPU.ActiveCfg = Debug|Any CPU
		{8E28E710-0F1C-4189-8644-72839C111013}.Debug|Any CPU.Build.0 = Debug|Any CPU
		{8E28E710-0F1C-4189-8644-72839C111013}.Release|Any CPU.ActiveCfg = Release|Any CPU
		{8E28E710-0F1C-4189-8644-72839C111013}.Release|Any CPU.Build.0 = Release|Any CPU
		{E70F2E08-FE2E-4EC1-940D-B5CE22995F4A}.Debug|Any CPU.ActiveCfg = Debug|Any CPU
		{E70F2E08-FE2E-4EC1-940D-B5CE22995F4A}.Debug|Any CPU.Build.0 = Debug|Any CPU
		{E70F2E08-FE2E-4EC1-940D-B5CE22995F4A}.Release|Any CPU.ActiveCfg = Release|Any CPU
		{E70F2E08-FE2E-4EC1-940D-B5CE22995F4A}.Release|Any CPU.Build.0 = Release|Any CPU
		{950CC33C-881F-4090-BE90-81007F309E4B}.Debug|Any CPU.ActiveCfg = Debug|Any CPU
		{950CC33C-881F-4090-BE90-81007F309E4B}.Debug|Any CPU.Build.0 = Debug|Any CPU
		{950CC33C-881F-4090-BE90-81007F309E4B}.Release|Any CPU.ActiveCfg = Release|Any CPU
		{950CC33C-881F-4090-BE90-81007F309E4B}.Release|Any CPU.Build.0 = Release|Any CPU
	EndGlobalSection
	GlobalSection(NestedProjects) = preSolution
		{FF96D572-6893-4521-B4B5-5B26413C4C9C} = {97CAF51B-6D5D-4C0F-8DE2-A29086712771}
		{30D18514-8960-4302-BED3-4E88E54D0426} = {94B750AA-C25D-4741-BEC5-07056B36B5D5}
		{4A27D4BF-324B-461E-BA95-89264CA1F8EB} = {94B750AA-C25D-4741-BEC5-07056B36B5D5}
		{8E28E710-0F1C-4189-8644-72839C111013} = {94B750AA-C25D-4741-BEC5-07056B36B5D5}
		{E70F2E08-FE2E-4EC1-940D-B5CE22995F4A} = {B3E818A2-7BFE-49EB-8730-8E2E8B6FA68B}
		{950CC33C-881F-4090-BE90-81007F309E4B} = {B3E818A2-7BFE-49EB-8730-8E2E8B6FA68B}
	EndGlobalSection
EndGlobal
